# This file is automatically @generated by Cargo.
# It is not intended for manual editing.
version = 4

[[package]]
name = "ridl"
version = "0.0.0"

[[package]]
name = "ridl-core"
version = "0.0.0"
dependencies = [
 "ridl-syntax",
]

[[package]]
name = "ridl-ir"
version = "0.0.0"

[[package]]
name = "ridl-syntax"
version = "0.0.0"

[[package]]
name = "ridlc"
version = "0.0.0"
dependencies = [
 "ridl-core",
 "ridl-ir",
 "ridl-syntax",
]
